// !$*UTF8*$!
{
	archiveVersion = 1;
	classes = {
	};
	objectVersion = 56;
	objects = {

/* Begin PBXBuildFile section */
		370B9A042BA33D0000169213 /* simd+extension.swift in Sources */ = {isa = PBXBuildFile; fileRef = 370B9A032BA33D0000169213 /* simd+extension.swift */; };
		370B9A062BA5E17600169213 /* Opener.swift in Sources */ = {isa = PBXBuildFile; fileRef = 370B9A052BA5E17600169213 /* Opener.swift */; };
		370B9A082BB0970200169213 /* Angle+extension.swift in Sources */ = {isa = PBXBuildFile; fileRef = 370B9A072BB0970200169213 /* Angle+extension.swift */; };
		378F1A352BBC8C3C00194BD5 /* ContentViewModel.swift in Sources */ = {isa = PBXBuildFile; fileRef = 378F1A342BBC8C3C00194BD5 /* ContentViewModel.swift */; };
		378F1A372BBC974900194BD5 /* ContentModel.swift in Sources */ = {isa = PBXBuildFile; fileRef = 378F1A362BBC974900194BD5 /* ContentModel.swift */; };
		379B22B62B9C70D0007BF19D /* DiceApp.swift in Sources */ = {isa = PBXBuildFile; fileRef = 379B22B52B9C70D0007BF19D /* DiceApp.swift */; };
		379B22B82B9C70D0007BF19D /* ContentView.swift in Sources */ = {isa = PBXBuildFile; fileRef = 379B22B72B9C70D0007BF19D /* ContentView.swift */; };
		379B22BA2B9C70D2007BF19D /* Assets.xcassets in Resources */ = {isa = PBXBuildFile; fileRef = 379B22B92B9C70D2007BF19D /* Assets.xcassets */; };
		379B22BD2B9C70D2007BF19D /* Preview Assets.xcassets in Resources */ = {isa = PBXBuildFile; fileRef = 379B22BC2B9C70D2007BF19D /* Preview Assets.xcassets */; };
		379B22C82B9C70D3007BF19D /* DiceTests.swift in Sources */ = {isa = PBXBuildFile; fileRef = 379B22C72B9C70D3007BF19D /* DiceTests.swift */; };
		379B22D52BA08B72007BF19D /* DiceContent in Resources */ = {isa = PBXBuildFile; fileRef = 379B22D42BA08B72007BF19D /* DiceContent */; };
		379B22D82BA08B92007BF19D /* DiceContent in Frameworks */ = {isa = PBXBuildFile; productRef = 379B22D72BA08B92007BF19D /* DiceContent */; };
/* End PBXBuildFile section */

/* Begin PBXContainerItemProxy section */
		379B22C42B9C70D3007BF19D /* PBXContainerItemProxy */ = {
			isa = PBXContainerItemProxy;
			containerPortal = 379B22A62B9C70D0007BF19D /* Project object */;
			proxyType = 1;
			remoteGlobalIDString = 379B22AD2B9C70D0007BF19D;
			remoteInfo = Dice;
		};
/* End PBXContainerItemProxy section */

/* Begin PBXFileReference section */
		370B9A032BA33D0000169213 /* simd+extension.swift */ = {isa = PBXFileReference; lastKnownFileType = sourcecode.swift; path = "simd+extension.swift"; sourceTree = "<group>"; };
		370B9A052BA5E17600169213 /* Opener.swift */ = {isa = PBXFileReference; lastKnownFileType = sourcecode.swift; path = Opener.swift; sourceTree = "<group>"; };
		370B9A072BB0970200169213 /* Angle+extension.swift */ = {isa = PBXFileReference; lastKnownFileType = sourcecode.swift; path = "Angle+extension.swift"; sourceTree = "<group>"; };
		378F1A342BBC8C3C00194BD5 /* ContentViewModel.swift */ = {isa = PBXFileReference; lastKnownFileType = sourcecode.swift; path = ContentViewModel.swift; sourceTree = "<group>"; };
		378F1A362BBC974900194BD5 /* ContentModel.swift */ = {isa = PBXFileReference; lastKnownFileType = sourcecode.swift; path = ContentModel.swift; sourceTree = "<group>"; };
		379B22AE2B9C70D0007BF19D /* Dice.app */ = {isa = PBXFileReference; explicitFileType = wrapper.application; includeInIndex = 0; path = Dice.app; sourceTree = BUILT_PRODUCTS_DIR; };
		379B22B52B9C70D0007BF19D /* DiceApp.swift */ = {isa = PBXFileReference; lastKnownFileType = sourcecode.swift; path = DiceApp.swift; sourceTree = "<group>"; };
		379B22B72B9C70D0007BF19D /* ContentView.swift */ = {isa = PBXFileReference; lastKnownFileType = sourcecode.swift; path = ContentView.swift; sourceTree = "<group>"; };
		379B22B92B9C70D2007BF19D /* Assets.xcassets */ = {isa = PBXFileReference; lastKnownFileType = folder.assetcatalog; path = Assets.xcassets; sourceTree = "<group>"; };
		379B22BC2B9C70D2007BF19D /* Preview Assets.xcassets */ = {isa = PBXFileReference; lastKnownFileType = folder.assetcatalog; path = "Preview Assets.xcassets"; sourceTree = "<group>"; };
		379B22BE2B9C70D2007BF19D /* Info.plist */ = {isa = PBXFileReference; lastKnownFileType = text.plist.xml; path = Info.plist; sourceTree = "<group>"; };
		379B22C32B9C70D3007BF19D /* DiceTests.xctest */ = {isa = PBXFileReference; explicitFileType = wrapper.cfbundle; includeInIndex = 0; path = DiceTests.xctest; sourceTree = BUILT_PRODUCTS_DIR; };
		379B22C72B9C70D3007BF19D /* DiceTests.swift */ = {isa = PBXFileReference; lastKnownFileType = sourcecode.swift; path = DiceTests.swift; sourceTree = "<group>"; };
		379B22D42BA08B72007BF19D /* DiceContent */ = {isa = PBXFileReference; lastKnownFileType = wrapper; path = DiceContent; sourceTree = "<group>"; };
/* End PBXFileReference section */

/* Begin PBXFrameworksBuildPhase section */
		379B22AB2B9C70D0007BF19D /* Frameworks */ = {
			isa = PBXFrameworksBuildPhase;
			buildActionMask = 2147483647;
			files = (
				379B22D82BA08B92007BF19D /* DiceContent in Frameworks */,
			);
			runOnlyForDeploymentPostprocessing = 0;
		};
		379B22C02B9C70D3007BF19D /* Frameworks */ = {
			isa = PBXFrameworksBuildPhase;
			buildActionMask = 2147483647;
			files = (
			);
			runOnlyForDeploymentPostprocessing = 0;
		};
/* End PBXFrameworksBuildPhase section */

/* Begin PBXGroup section */
		378F1A302BBC8C1300194BD5 /* View */ = {
			isa = PBXGroup;
			children = (
				370B9A052BA5E17600169213 /* Opener.swift */,
				379B22B72B9C70D0007BF19D /* ContentView.swift */,
			);
			path = View;
			sourceTree = "<group>";
		};
		378F1A312BBC8C1700194BD5 /* Model */ = {
			isa = PBXGroup;
			children = (
				378F1A342BBC8C3C00194BD5 /* ContentViewModel.swift */,
				378F1A362BBC974900194BD5 /* ContentModel.swift */,
			);
			path = Model;
			sourceTree = "<group>";
		};
		378F1A322BBC8C2200194BD5 /* Util */ = {
			isa = PBXGroup;
			children = (
			);
			path = Util;
			sourceTree = "<group>";
		};
		378F1A332BBC8C2900194BD5 /* Extensions */ = {
			isa = PBXGroup;
			children = (
				370B9A032BA33D0000169213 /* simd+extension.swift */,
				370B9A072BB0970200169213 /* Angle+extension.swift */,
			);
			path = Extensions;
			sourceTree = "<group>";
		};
		379B22A52B9C70D0007BF19D = {
			isa = PBXGroup;
			children = (
				379B22B02B9C70D0007BF19D /* Dice */,
				379B22B12B9C70D0007BF19D /* Packages */,
				379B22C62B9C70D3007BF19D /* DiceTests */,
				379B22AF2B9C70D0007BF19D /* Products */,
				379B22D62BA08B92007BF19D /* Frameworks */,
			);
			sourceTree = "<group>";
		};
		379B22AF2B9C70D0007BF19D /* Products */ = {
			isa = PBXGroup;
			children = (
				379B22AE2B9C70D0007BF19D /* Dice.app */,
				379B22C32B9C70D3007BF19D /* DiceTests.xctest */,
			);
			name = Products;
			sourceTree = "<group>";
		};
		379B22B02B9C70D0007BF19D /* Dice */ = {
			isa = PBXGroup;
			children = (
				379B22B52B9C70D0007BF19D /* DiceApp.swift */,
				378F1A332BBC8C2900194BD5 /* Extensions */,
				378F1A322BBC8C2200194BD5 /* Util */,
				378F1A312BBC8C1700194BD5 /* Model */,
				378F1A302BBC8C1300194BD5 /* View */,
				379B22B92B9C70D2007BF19D /* Assets.xcassets */,
				379B22BE2B9C70D2007BF19D /* Info.plist */,
				379B22BB2B9C70D2007BF19D /* Preview Content */,
			);
			path = Dice;
			sourceTree = "<group>";
		};
		379B22B12B9C70D0007BF19D /* Packages */ = {
			isa = PBXGroup;
			children = (
				379B22D42BA08B72007BF19D /* DiceContent */,
			);
			path = Packages;
			sourceTree = "<group>";
		};
		379B22BB2B9C70D2007BF19D /* Preview Content */ = {
			isa = PBXGroup;
			children = (
				379B22BC2B9C70D2007BF19D /* Preview Assets.xcassets */,
			);
			path = "Preview Content";
			sourceTree = "<group>";
		};
		379B22C62B9C70D3007BF19D /* DiceTests */ = {
			isa = PBXGroup;
			children = (
				379B22C72B9C70D3007BF19D /* DiceTests.swift */,
			);
			path = DiceTests;
			sourceTree = "<group>";
		};
		379B22D62BA08B92007BF19D /* Frameworks */ = {
			isa = PBXGroup;
			children = (
			);
			name = Frameworks;
			sourceTree = "<group>";
		};
/* End PBXGroup section */

/* Begin PBXNativeTarget section */
		379B22AD2B9C70D0007BF19D /* Dice */ = {
			isa = PBXNativeTarget;
			buildConfigurationList = 379B22CB2B9C70D3007BF19D /* Build configuration list for PBXNativeTarget "Dice" */;
			buildPhases = (
				379B22AA2B9C70D0007BF19D /* Sources */,
				379B22AB2B9C70D0007BF19D /* Frameworks */,
				379B22AC2B9C70D0007BF19D /* Resources */,
			);
			buildRules = (
			);
			dependencies = (
			);
			name = Dice;
			packageProductDependencies = (
				379B22D72BA08B92007BF19D /* DiceContent */,
			);
			productName = Dice;
			productReference = 379B22AE2B9C70D0007BF19D /* Dice.app */;
			productType = "com.apple.product-type.application";
		};
		379B22C22B9C70D3007BF19D /* DiceTests */ = {
			isa = PBXNativeTarget;
			buildConfigurationList = 379B22CE2B9C70D3007BF19D /* Build configuration list for PBXNativeTarget "DiceTests" */;
			buildPhases = (
				379B22BF2B9C70D3007BF19D /* Sources */,
				379B22C02B9C70D3007BF19D /* Frameworks */,
				379B22C12B9C70D3007BF19D /* Resources */,
			);
			buildRules = (
			);
			dependencies = (
				379B22C52B9C70D3007BF19D /* PBXTargetDependency */,
			);
			name = DiceTests;
			productName = DiceTests;
			productReference = 379B22C32B9C70D3007BF19D /* DiceTests.xctest */;
			productType = "com.apple.product-type.bundle.unit-test";
		};
/* End PBXNativeTarget section */

/* Begin PBXProject section */
		379B22A62B9C70D0007BF19D /* Project object */ = {
			isa = PBXProject;
			attributes = {
				BuildIndependentTargetsInParallel = 1;
				LastSwiftUpdateCheck = 1520;
				LastUpgradeCheck = 1520;
				TargetAttributes = {
					379B22AD2B9C70D0007BF19D = {
						CreatedOnToolsVersion = 15.2;
					};
					379B22C22B9C70D3007BF19D = {
						CreatedOnToolsVersion = 15.2;
						TestTargetID = 379B22AD2B9C70D0007BF19D;
					};
				};
			};
			buildConfigurationList = 379B22A92B9C70D0007BF19D /* Build configuration list for PBXProject "Dice" */;
			compatibilityVersion = "Xcode 14.0";
			developmentRegion = en;
			hasScannedForEncodings = 0;
			knownRegions = (
				en,
				Base,
			);
			mainGroup = 379B22A52B9C70D0007BF19D;
			productRefGroup = 379B22AF2B9C70D0007BF19D /* Products */;
			projectDirPath = "";
			projectRoot = "";
			targets = (
				379B22AD2B9C70D0007BF19D /* Dice */,
				379B22C22B9C70D3007BF19D /* DiceTests */,
			);
		};
/* End PBXProject section */

/* Begin PBXResourcesBuildPhase section */
		379B22AC2B9C70D0007BF19D /* Resources */ = {
			isa = PBXResourcesBuildPhase;
			buildActionMask = 2147483647;
			files = (
				379B22D52BA08B72007BF19D /* DiceContent in Resources */,
				379B22BD2B9C70D2007BF19D /* Preview Assets.xcassets in Resources */,
				379B22BA2B9C70D2007BF19D /* Assets.xcassets in Resources */,
			);
			runOnlyForDeploymentPostprocessing = 0;
		};
		379B22C12B9C70D3007BF19D /* Resources */ = {
			isa = PBXResourcesBuildPhase;
			buildActionMask = 2147483647;
			files = (
			);
			runOnlyForDeploymentPostprocessing = 0;
		};
/* End PBXResourcesBuildPhase section */

/* Begin PBXSourcesBuildPhase section */
		379B22AA2B9C70D0007BF19D /* Sources */ = {
			isa = PBXSourcesBuildPhase;
			buildActionMask = 2147483647;
			files = (
				370B9A082BB0970200169213 /* Angle+extension.swift in Sources */,
				370B9A062BA5E17600169213 /* Opener.swift in Sources */,
				378F1A352BBC8C3C00194BD5 /* ContentViewModel.swift in Sources */,
				379B22B82B9C70D0007BF19D /* ContentView.swift in Sources */,
				379B22B62B9C70D0007BF19D /* DiceApp.swift in Sources */,
				378F1A372BBC974900194BD5 /* ContentModel.swift in Sources */,
				370B9A042BA33D0000169213 /* simd+extension.swift in Sources */,
			);
			runOnlyForDeploymentPostprocessing = 0;
		};
		379B22BF2B9C70D3007BF19D /* Sources */ = {
			isa = PBXSourcesBuildPhase;
			buildActionMask = 2147483647;
			files = (
				379B22C82B9C70D3007BF19D /* DiceTests.swift in Sources */,
			);
			runOnlyForDeploymentPostprocessing = 0;
		};
/* End PBXSourcesBuildPhase section */

/* Begin PBXTargetDependency section */
		379B22C52B9C70D3007BF19D /* PBXTargetDependency */ = {
			isa = PBXTargetDependency;
			target = 379B22AD2B9C70D0007BF19D /* Dice */;
			targetProxy = 379B22C42B9C70D3007BF19D /* PBXContainerItemProxy */;
		};
/* End PBXTargetDependency section */

/* Begin XCBuildConfiguration section */
		379B22C92B9C70D3007BF19D /* Debug */ = {
			isa = XCBuildConfiguration;
			buildSettings = {
				ALWAYS_SEARCH_USER_PATHS = NO;
				ASSETCATALOG_COMPILER_GENERATE_SWIFT_ASSET_SYMBOL_EXTENSIONS = YES;
				CLANG_ANALYZER_NONNULL = YES;
				CLANG_ANALYZER_NUMBER_OBJECT_CONVERSION = YES_AGGRESSIVE;
				CLANG_CXX_LANGUAGE_STANDARD = "gnu++20";
				CLANG_ENABLE_MODULES = YES;
				CLANG_ENABLE_OBJC_ARC = YES;
				CLANG_ENABLE_OBJC_WEAK = YES;
				CLANG_WARN_BLOCK_CAPTURE_AUTORELEASING = YES;
				CLANG_WARN_BOOL_CONVERSION = YES;
				CLANG_WARN_COMMA = YES;
				CLANG_WARN_CONSTANT_CONVERSION = YES;
				CLANG_WARN_DEPRECATED_OBJC_IMPLEMENTATIONS = YES;
				CLANG_WARN_DIRECT_OBJC_ISA_USAGE = YES_ERROR;
				CLANG_WARN_DOCUMENTATION_COMMENTS = YES;
				CLANG_WARN_EMPTY_BODY = YES;
				CLANG_WARN_ENUM_CONVERSION = YES;
				CLANG_WARN_INFINITE_RECURSION = YES;
				CLANG_WARN_INT_CONVERSION = YES;
				CLANG_WARN_NON_LITERAL_NULL_CONVERSION = YES;
				CLANG_WARN_OBJC_IMPLICIT_RETAIN_SELF = YES;
				CLANG_WARN_OBJC_LITERAL_CONVERSION = YES;
				CLANG_WARN_OBJC_ROOT_CLASS = YES_ERROR;
				CLANG_WARN_QUOTED_INCLUDE_IN_FRAMEWORK_HEADER = YES;
				CLANG_WARN_RANGE_LOOP_ANALYSIS = YES;
				CLANG_WARN_STRICT_PROTOTYPES = YES;
				CLANG_WARN_SUSPICIOUS_MOVE = YES;
				CLANG_WARN_UNGUARDED_AVAILABILITY = YES_AGGRESSIVE;
				CLANG_WARN_UNREACHABLE_CODE = YES;
				CLANG_WARN__DUPLICATE_METHOD_MATCH = YES;
				COPY_PHASE_STRIP = NO;
				DEBUG_INFORMATION_FORMAT = dwarf;
				ENABLE_STRICT_OBJC_MSGSEND = YES;
				ENABLE_TESTABILITY = YES;
				ENABLE_USER_SCRIPT_SANDBOXING = YES;
				GCC_C_LANGUAGE_STANDARD = gnu17;
				GCC_DYNAMIC_NO_PIC = NO;
				GCC_NO_COMMON_BLOCKS = YES;
				GCC_OPTIMIZATION_LEVEL = 0;
				GCC_PREPROCESSOR_DEFINITIONS = (
					"DEBUG=1",
					"$(inherited)",
				);
				GCC_WARN_64_TO_32_BIT_CONVERSION = YES;
				GCC_WARN_ABOUT_RETURN_TYPE = YES_ERROR;
				GCC_WARN_UNDECLARED_SELECTOR = YES;
				GCC_WARN_UNINITIALIZED_AUTOS = YES_AGGRESSIVE;
				GCC_WARN_UNUSED_FUNCTION = YES;
				GCC_WARN_UNUSED_VARIABLE = YES;
				LOCALIZATION_PREFERS_STRING_CATALOGS = YES;
				MTL_ENABLE_DEBUG_INFO = INCLUDE_SOURCE;
				MTL_FAST_MATH = YES;
				ONLY_ACTIVE_ARCH = YES;
				SDKROOT = xros;
				SWIFT_ACTIVE_COMPILATION_CONDITIONS = "DEBUG $(inherited)";
				SWIFT_OPTIMIZATION_LEVEL = "-Onone";
				XROS_DEPLOYMENT_TARGET = 1.0;
			};
			name = Debug;
		};
		379B22CA2B9C70D3007BF19D /* Release */ = {
			isa = XCBuildConfiguration;
			buildSettings = {
				ALWAYS_SEARCH_USER_PATHS = NO;
				ASSETCATALOG_COMPILER_GENERATE_SWIFT_ASSET_SYMBOL_EXTENSIONS = YES;
				CLANG_ANALYZER_NONNULL = YES;
				CLANG_ANALYZER_NUMBER_OBJECT_CONVERSION = YES_AGGRESSIVE;
				CLANG_CXX_LANGUAGE_STANDARD = "gnu++20";
				CLANG_ENABLE_MODULES = YES;
				CLANG_ENABLE_OBJC_ARC = YES;
				CLANG_ENABLE_OBJC_WEAK = YES;
				CLANG_WARN_BLOCK_CAPTURE_AUTORELEASING = YES;
				CLANG_WARN_BOOL_CONVERSION = YES;
				CLANG_WARN_COMMA = YES;
				CLANG_WARN_CONSTANT_CONVERSION = YES;
				CLANG_WARN_DEPRECATED_OBJC_IMPLEMENTATIONS = YES;
				CLANG_WARN_DIRECT_OBJC_ISA_USAGE = YES_ERROR;
				CLANG_WARN_DOCUMENTATION_COMMENTS = YES;
				CLANG_WARN_EMPTY_BODY = YES;
				CLANG_WARN_ENUM_CONVERSION = YES;
				CLANG_WARN_INFINITE_RECURSION = YES;
				CLANG_WARN_INT_CONVERSION = YES;
				CLANG_WARN_NON_LITERAL_NULL_CONVERSION = YES;
				CLANG_WARN_OBJC_IMPLICIT_RETAIN_SELF = YES;
				CLANG_WARN_OBJC_LITERAL_CONVERSION = YES;
				CLANG_WARN_OBJC_ROOT_CLASS = YES_ERROR;
				CLANG_WARN_QUOTED_INCLUDE_IN_FRAMEWORK_HEADER = YES;
				CLANG_WARN_RANGE_LOOP_ANALYSIS = YES;
				CLANG_WARN_STRICT_PROTOTYPES = YES;
				CLANG_WARN_SUSPICIOUS_MOVE = YES;
				CLANG_WARN_UNGUARDED_AVAILABILITY = YES_AGGRESSIVE;
				CLANG_WARN_UNREACHABLE_CODE = YES;
				CLANG_WARN__DUPLICATE_METHOD_MATCH = YES;
				COPY_PHASE_STRIP = NO;
				DEBUG_INFORMATION_FORMAT = "dwarf-with-dsym";
				ENABLE_NS_ASSERTIONS = NO;
				ENABLE_STRICT_OBJC_MSGSEND = YES;
				ENABLE_USER_SCRIPT_SANDBOXING = YES;
				GCC_C_LANGUAGE_STANDARD = gnu17;
				GCC_NO_COMMON_BLOCKS = YES;
				GCC_WARN_64_TO_32_BIT_CONVERSION = YES;
				GCC_WARN_ABOUT_RETURN_TYPE = YES_ERROR;
				GCC_WARN_UNDECLARED_SELECTOR = YES;
				GCC_WARN_UNINITIALIZED_AUTOS = YES_AGGRESSIVE;
				GCC_WARN_UNUSED_FUNCTION = YES;
				GCC_WARN_UNUSED_VARIABLE = YES;
				LOCALIZATION_PREFERS_STRING_CATALOGS = YES;
				MTL_ENABLE_DEBUG_INFO = NO;
				MTL_FAST_MATH = YES;
				SDKROOT = xros;
				SWIFT_COMPILATION_MODE = wholemodule;
				VALIDATE_PRODUCT = YES;
				XROS_DEPLOYMENT_TARGET = 1.0;
			};
			name = Release;
		};
		379B22CC2B9C70D3007BF19D /* Debug */ = {
			isa = XCBuildConfiguration;
			buildSettings = {
				ASSETCATALOG_COMPILER_APPICON_NAME = AppIcon;
				ASSETCATALOG_COMPILER_GLOBAL_ACCENT_COLOR_NAME = AccentColor;
				CODE_SIGN_STYLE = Automatic;
				CURRENT_PROJECT_VERSION = 1;
				DEVELOPMENT_ASSET_PATHS = "\"Dice/Preview Content\"";
				DEVELOPMENT_TEAM = VWFXDPF5TY;
				ENABLE_PREVIEWS = YES;
				GENERATE_INFOPLIST_FILE = YES;
				INFOPLIST_FILE = "$(TARGET_NAME)/Info.plist";
				LD_RUNPATH_SEARCH_PATHS = (
					"$(inherited)",
					"@executable_path/Frameworks",
				);
				MARKETING_VERSION = 1.0;
				PRODUCT_BUNDLE_IDENTIFIER = kento.yamazaki.Dice;
				PRODUCT_NAME = "$(TARGET_NAME)";
				SUPPORTED_PLATFORMS = "xros xrsimulator";
				SWIFT_EMIT_LOC_STRINGS = YES;
				SWIFT_VERSION = 5.0;
				TARGETED_DEVICE_FAMILY = "1,2,7";
			};
			name = Debug;
		};
		379B22CD2B9C70D3007BF19D /* Release */ = {
			isa = XCBuildConfiguration;
			buildSettings = {
				ASSETCATALOG_COMPILER_APPICON_NAME = AppIcon;
				ASSETCATALOG_COMPILER_GLOBAL_ACCENT_COLOR_NAME = AccentColor;
				CODE_SIGN_STYLE = Automatic;
				CURRENT_PROJECT_VERSION = 1;
				DEVELOPMENT_ASSET_PATHS = "\"Dice/Preview Content\"";
				DEVELOPMENT_TEAM = VWFXDPF5TY;
				ENABLE_PREVIEWS = YES;
				GENERATE_INFOPLIST_FILE = YES;
				INFOPLIST_FILE = "$(TARGET_NAME)/Info.plist";
				LD_RUNPATH_SEARCH_PATHS = (
					"$(inherited)",
					"@executable_path/Frameworks",
				);
				MARKETING_VERSION = 1.0;
				PRODUCT_BUNDLE_IDENTIFIER = kento.yamazaki.Dice;
				PRODUCT_NAME = "$(TARGET_NAME)";
				SUPPORTED_PLATFORMS = "xros xrsimulator";
				SWIFT_EMIT_LOC_STRINGS = YES;
				SWIFT_VERSION = 5.0;
				TARGETED_DEVICE_FAMILY = "1,2,7";
			};
			name = Release;
		};
		379B22CF2B9C70D3007BF19D /* Debug */ = {
			isa = XCBuildConfiguration;
			buildSettings = {
				ALWAYS_EMBED_SWIFT_STANDARD_LIBRARIES = YES;
				BUNDLE_LOADER = "$(TEST_HOST)";
				CODE_SIGN_STYLE = Automatic;
				CURRENT_PROJECT_VERSION = 1;
				DEVELOPMENT_TEAM = VWFXDPF5TY;
				GENERATE_INFOPLIST_FILE = YES;
				MARKETING_VERSION = 1.0;
				PRODUCT_BUNDLE_IDENTIFIER = kento.yamazaki.DiceTests;
				PRODUCT_NAME = "$(TARGET_NAME)";
				SUPPORTED_PLATFORMS = "xros xrsimulator";
				SWIFT_EMIT_LOC_STRINGS = NO;
				SWIFT_VERSION = 5.0;
				TARGETED_DEVICE_FAMILY = "1,2,7";
				TEST_HOST = "$(BUILT_PRODUCTS_DIR)/Dice.app/$(BUNDLE_EXECUTABLE_FOLDER_PATH)/Dice";
				XROS_DEPLOYMENT_TARGET = 1.0;
			};
			name = Debug;
		};
		379B22D02B9C70D3007BF19D /* Release */ = {
			isa = XCBuildConfiguration;
			buildSettings = {
				ALWAYS_EMBED_SWIFT_STANDARD_LIBRARIES = YES;
				BUNDLE_LOADER = "$(TEST_HOST)";
				CODE_SIGN_STYLE = Automatic;
				CURRENT_PROJECT_VERSION = 1;
				DEVELOPMENT_TEAM = VWFXDPF5TY;
				GENERATE_INFOPLIST_FILE = YES;
				MARKETING_VERSION = 1.0;
				PRODUCT_BUNDLE_IDENTIFIER = kento.yamazaki.DiceTests;
				PRODUCT_NAME = "$(TARGET_NAME)";
				SUPPORTED_PLATFORMS = "xros xrsimulator";
				SWIFT_EMIT_LOC_STRINGS = NO;
				SWIFT_VERSION = 5.0;
				TARGETED_DEVICE_FAMILY = "1,2,7";
				TEST_HOST = "$(BUILT_PRODUCTS_DIR)/Dice.app/$(BUNDLE_EXECUTABLE_FOLDER_PATH)/Dice";
				XROS_DEPLOYMENT_TARGET = 1.0;
			};
			name = Release;
		};
/* End XCBuildConfiguration section */

/* Begin XCConfigurationList section */
		379B22A92B9C70D0007BF19D /* Build configuration list for PBXProject "Dice" */ = {
			isa = XCConfigurationList;
			buildConfigurations = (
				379B22C92B9C70D3007BF19D /* Debug */,
				379B22CA2B9C70D3007BF19D /* Release */,
			);
			defaultConfigurationIsVisible = 0;
			defaultConfigurationName = Release;
		};
		379B22CB2B9C70D3007BF19D /* Build configuration list for PBXNativeTarget "Dice" */ = {
			isa = XCConfigurationList;
			buildConfigurations = (
				379B22CC2B9C70D3007BF19D /* Debug */,
				379B22CD2B9C70D3007BF19D /* Release */,
			);
			defaultConfigurationIsVisible = 0;
			defaultConfigurationName = Release;
		};
		379B22CE2B9C70D3007BF19D /* Build configuration list for PBXNativeTarget "DiceTests" */ = {
			isa = XCConfigurationList;
			buildConfigurations = (
				379B22CF2B9C70D3007BF19D /* Debug */,
				379B22D02B9C70D3007BF19D /* Release */,
			);
			defaultConfigurationIsVisible = 0;
			defaultConfigurationName = Release;
		};
/* End XCConfigurationList section */

/* Begin XCSwiftPackageProductDependency section */
		379B22D72BA08B92007BF19D /* DiceContent */ = {
			isa = XCSwiftPackageProductDependency;
			productName = DiceContent;
		};
/* End XCSwiftPackageProductDependency section */
	};
	rootObject = 379B22A62B9C70D0007BF19D /* Project object */;
}
